PODS:
  - SDWebImage (5.0.5):
    - SDWebImage/Core (= 5.0.5)
  - SDWebImage/Core (5.0.5)
  - YYImage/Core (1.0.4)
  - YYImage/WebP (1.0.4):
    - YYImage/Core

DEPENDENCIES:
  - SDWebImage
  - YYImage/WebP

SPEC REPOS:
  https://github.com/cocoapods/specs.git:
    - SDWebImage
    - YYImage

SPEC CHECKSUMS:
  SDWebImage: f86b0a0713195d1c734335d010697d44af10d165
  YYImage: 1e1b62a9997399593e4b9c4ecfbbabbf1d3f3b54

PODFILE CHECKSUM: 75757897bdb4fdf03b18a3d9a9e6d6acd25f73f0

COCOAPODS: 1.6.1
